version = 1
revision = 1
requires-python = ">=3.8"

[[package]]
name = "click"
version = "8.1.8"
source = { registry = "https://pypi.org/simple" }
dependencies = [
    { name = "colorama", marker = "sys_platform == 'win32'" },
]
sdist = { url = "https://files.pythonhosted.org/packages/b9/2e/0090cbf739cee7d23781ad4b89a9894a41538e4fcf4c31dcdd705b78eb8b/click-8.1.8.tar.gz", hash = "sha256:ed53c9d8990d83c2a27deae68e4ee337473f6330c040a31d4225c9574d16096a", size = 226593 }
wheels = [
    { url = "https://files.pythonhosted.org/packages/7e/d4/7ebdbd03970677812aac39c869717059dbb71a4cfc033ca6e5221787892c/click-8.1.8-py3-none-any.whl", hash = "sha256:63c132bbbed01578a06712a2d1f497bb62d9c1c0d329b7903a866228027263b2", size = 98188 },
]

[[package]]
name = "colorama"
version = "0.4.6"
source = { registry = "https://pypi.org/simple" }
sdist = { url = "https://files.pythonhosted.org/packages/d8/53/6f443c9a4a8358a93a6792e2acffb9d9d5cb0a5cfd8802644b7b1c9a02e4/colorama-0.4.6.tar.gz", hash = "sha256:08695f5cb7ed6e0531a20572697297273c47b8cae5a63ffc6d6ed5c201be6e44", size = 27697 }
wheels = [
    { url = "https://files.pythonhosted.org/packages/d1/d6/3965ed04c63042e047cb6a3e6ed1a63a35087b6a609aa3a15ed8ac56c221/colorama-0.4.6-py2.py3-none-any.whl", hash = "sha256:4f1d9991f5acc0ca119f9d443620b77f9d6b33703e51011c16baf57afb285fc6", size = 25335 },
]

[[package]]
name = "eclipse-zenoh"
version = "1.2.1"
source = { registry = "https://pypi.org/simple" }
sdist = { url = "https://files.pythonhosted.org/packages/44/9c/8c6e41fdc8705c4d07fffa55ae2124fcb8b4a2f361604594e874b3db56db/eclipse_zenoh-1.2.1.tar.gz", hash = "sha256:cbd3df1cca77e920d9f17f3a5d20805412c750c004a742ae4eb4ecfe0d80b0c6", size = 121080 }
wheels = [
    { url = "https://files.pythonhosted.org/packages/36/25/65e0b0295f3e78db69be6a049e0810dd03913ba203d22c66dfe8df36c60a/eclipse_zenoh-1.2.1-cp38-abi3-linux_armv6l.whl", hash = "sha256:c89ce18a3002e09acafdd0e117ee9fb9f8ae51e83ce5007341ca1d411e30ec71", size = 9745728 },
    { url = "https://files.pythonhosted.org/packages/76/9e/35a229fc7e35e5d96a398a54b0058b2ade1c2ec1620b2c89decb4b59d91e/eclipse_zenoh-1.2.1-cp38-abi3-macosx_10_12_x86_64.macosx_11_0_arm64.macosx_10_12_universal2.whl", hash = "sha256:98df487044586cbc1851045ff8e935d6995862b25a32c9776beaf1691e0ff429", size = 14890675 },
    { url = "https://files.pythonhosted.org/packages/66/bc/c091936af7f1c6907c1387e8dd7e8dfd500f66f85b6a73245c3b30d4f88c/eclipse_zenoh-1.2.1-cp38-abi3-macosx_10_12_x86_64.whl", hash = "sha256:cd4c70f99bad516b589421ba58e0b8ce4d03ff6aa201c998b3a036d4f4eb2436", size = 7595536 },
    { url = "https://files.pythonhosted.org/packages/95/32/0c1c27cc6964e87c697fc72f092013049216655ae617c7f6e5669d2aaf8e/eclipse_zenoh-1.2.1-cp38-abi3-manylinux_2_12_i686.manylinux2010_i686.whl", hash = "sha256:8cf3369f236365ce5698a806f7f36067d8f9fef872774c5859de090a0f7a0ec8", size = 10329027 },
    { url = "https://files.pythonhosted.org/packages/06/e5/9b9ab065a5552d0ca323f9bf6385c5dfb8d205ec21a00247fa6a3f30b884/eclipse_zenoh-1.2.1-cp38-abi3-manylinux_2_17_armv7l.manylinux2014_armv7l.whl", hash = "sha256:bdcc4688daeda421a0bfac9ff0bc93793f818f84f18b916cabf279eff078cff7", size = 9505171 },
    { url = "https://files.pythonhosted.org/packages/2f/97/7b0f3083b4787940d4a0d9f9844acf32b63c405e92c0d03c7d8ed6930d32/eclipse_zenoh-1.2.1-cp38-abi3-manylinux_2_17_x86_64.manylinux2014_x86_64.whl", hash = "sha256:7ffc80a5a3fa492a4ff37abfb46c399f336068295e4d97285c19bac27ad19a44", size = 9734100 },
    { url = "https://files.pythonhosted.org/packages/09/b4/174b20608654fed60e65831172d4edafa0103aea319f4390763fc89ab4a8/eclipse_zenoh-1.2.1-cp38-abi3-manylinux_2_28_aarch64.whl", hash = "sha256:a6afe06517e60b391d0d345cfedc6688389b070787f0581403751b403fc9142c", size = 9450724 },
    { url = "https://files.pythonhosted.org/packages/1a/8c/6312275700477f759ac5077de17d23868ff6118e6a6558077e6b1e4a38cb/eclipse_zenoh-1.2.1-cp38-abi3-win_amd64.whl", hash = "sha256:8b71d43617c2201119f27d3dc5851272e07f660531c4b19e95229ca0ab98737f", size = 6761337 },
]

[[package]]
name = "llm-robot"
version = "0.1.0"
source = { editable = "." }
dependencies = [
    { name = "click" },
    { name = "eclipse-zenoh" },
    { name = "smbus2" },
]

[package.metadata]
requires-dist = [
    { name = "click", specifier = ">=8.0.0" },
    { name = "eclipse-zenoh" },
    { name = "smbus2", specifier = ">=0.4.3" },
]

[[package]]
name = "smbus2"
version = "0.5.0"
source = { registry = "https://pypi.org/simple" }
sdist = { url = "https://files.pythonhosted.org/packages/10/c9/6d85aa809e107adf85303010a59b340be109c8f815cbedc5c08c73bcffef/smbus2-0.5.0.tar.gz", hash = "sha256:4a5946fd82277870c2878befdb1a29bb28d15cda14ea4d8d2d54cf3d4bdcb035", size = 16950 }
wheels = [
    { url = "https://files.pythonhosted.org/packages/85/9f/2235ba9001e3c29fc342eeb222104420bcb7bac51555f0c034376a744075/smbus2-0.5.0-py2.py3-none-any.whl", hash = "sha256:1a15c3b9fa69357beb038cc0b5d37939702f8bfde1ddc89ca9f17d8461dbe949", size = 11527 },
]
